// !$*UTF8*$!
{
	archiveVersion = 1;
	classes = {
	};
	objectVersion = 50;
	objects = {

/* Begin PBXBuildFile section */
		002DE405220CB110001EDF0C /* escudo.png in Resources */ = {isa = PBXBuildFile; fileRef = 002DE404220CB110001EDF0C /* escudo.png */; };
		002DE407220CB15A001EDF0C /* Taken.swift in Sources */ = {isa = PBXBuildFile; fileRef = 002DE406220CB15A001EDF0C /* Taken.swift */; };
		0050AB77221169CF00E961C0 /* vertical.png in Resources */ = {isa = PBXBuildFile; fileRef = 0050AB76221169CF00E961C0 /* vertical.png */; };
		0050AB7B221180EE00E961C0 /* periférico.png in Resources */ = {isa = PBXBuildFile; fileRef = 0050AB78221180ED00E961C0 /* periférico.png */; };
		0050AB7C221180EE00E961C0 /* imposible.png in Resources */ = {isa = PBXBuildFile; fileRef = 0050AB79221180ED00E961C0 /* imposible.png */; };
		0050AB7D221180EE00E961C0 /* espiral.png in Resources */ = {isa = PBXBuildFile; fileRef = 0050AB7A221180EE00E961C0 /* espiral.png */; };
		00E311FD220CAE61006F0E46 /* AppDelegate.swift in Sources */ = {isa = PBXBuildFile; fileRef = 00E311FC220CAE61006F0E46 /* AppDelegate.swift */; };
		00E311FF220CAE61006F0E46 /* ViewController.swift in Sources */ = {isa = PBXBuildFile; fileRef = 00E311FE220CAE61006F0E46 /* ViewController.swift */; };
		00E31202220CAE61006F0E46 /* Main.storyboard in Resources */ = {isa = PBXBuildFile; fileRef = 00E31200220CAE61006F0E46 /* Main.storyboard */; };
		00E31204220CAE63006F0E46 /* Assets.xcassets in Resources */ = {isa = PBXBuildFile; fileRef = 00E31203220CAE63006F0E46 /* Assets.xcassets */; };
		00E31207220CAE63006F0E46 /* LaunchScreen.storyboard in Resources */ = {isa = PBXBuildFile; fileRef = 00E31205220CAE63006F0E46 /* LaunchScreen.storyboard */; };
		00E31212220CAE63006F0E46 /* Practice5Tests.swift in Sources */ = {isa = PBXBuildFile; fileRef = 00E31211220CAE63006F0E46 /* Practice5Tests.swift */; };
		00E3121D220CAE63006F0E46 /* Practice5UITests.swift in Sources */ = {isa = PBXBuildFile; fileRef = 00E3121C220CAE63006F0E46 /* Practice5UITests.swift */; };
/* End PBXBuildFile section */

/* Begin PBXContainerItemProxy section */
		00E3120E220CAE63006F0E46 /* PBXContainerItemProxy */ = {
			isa = PBXContainerItemProxy;
			containerPortal = 00E311F1220CAE61006F0E46 /* Project object */;
			proxyType = 1;
			remoteGlobalIDString = 00E311F8220CAE61006F0E46;
			remoteInfo = Practice5;
		};
		00E31219220CAE63006F0E46 /* PBXContainerItemProxy */ = {
			isa = PBXContainerItemProxy;
			containerPortal = 00E311F1220CAE61006F0E46 /* Project object */;
			proxyType = 1;
			remoteGlobalIDString = 00E311F8220CAE61006F0E46;
			remoteInfo = Practice5;
		};
/* End PBXContainerItemProxy section */

/* Begin PBXFileReference section */
		002DE404220CB110001EDF0C /* escudo.png */ = {isa = PBXFileReference; lastKnownFileType = image.png; path = escudo.png; sourceTree = "<group>"; };
		002DE406220CB15A001EDF0C /* Taken.swift */ = {isa = PBXFileReference; lastKnownFileType = sourcecode.swift; path = Taken.swift; sourceTree = "<group>"; };
		0050AB76221169CF00E961C0 /* vertical.png */ = {isa = PBXFileReference; lastKnownFileType = image.png; path = vertical.png; sourceTree = "<group>"; };
		0050AB78221180ED00E961C0 /* periférico.png */ = {isa = PBXFileReference; lastKnownFileType = image.png; path = "periférico.png"; sourceTree = "<group>"; };
		0050AB79221180ED00E961C0 /* imposible.png */ = {isa = PBXFileReference; lastKnownFileType = image.png; path = imposible.png; sourceTree = "<group>"; };
		0050AB7A221180EE00E961C0 /* espiral.png */ = {isa = PBXFileReference; lastKnownFileType = image.png; path = espiral.png; sourceTree = "<group>"; };
		00E311F9220CAE61006F0E46 /* Practice5.app */ = {isa = PBXFileReference; explicitFileType = wrapper.application; includeInIndex = 0; path = Practice5.app; sourceTree = BUILT_PRODUCTS_DIR; };
		00E311FC220CAE61006F0E46 /* AppDelegate.swift */ = {isa = PBXFileReference; lastKnownFileType = sourcecode.swift; path = AppDelegate.swift; sourceTree = "<group>"; };
		00E311FE220CAE61006F0E46 /* ViewController.swift */ = {isa = PBXFileReference; lastKnownFileType = sourcecode.swift; path = ViewController.swift; sourceTree = "<group>"; };
		00E31201220CAE61006F0E46 /* Base */ = {isa = PBXFileReference; lastKnownFileType = file.storyboard; name = Base; path = Base.lproj/Main.storyboard; sourceTree = "<group>"; };
		00E31203220CAE63006F0E46 /* Assets.xcassets */ = {isa = PBXFileReference; lastKnownFileType = folder.assetcatalog; path = Assets.xcassets; sourceTree = "<group>"; };
		00E31206220CAE63006F0E46 /* Base */ = {isa = PBXFileReference; lastKnownFileType = file.storyboard; name = Base; path = Base.lproj/LaunchScreen.storyboard; sourceTree = "<group>"; };
		00E31208220CAE63006F0E46 /* Info.plist */ = {isa = PBXFileReference; lastKnownFileType = text.plist.xml; path = Info.plist; sourceTree = "<group>"; };
		00E3120D220CAE63006F0E46 /* Practice5Tests.xctest */ = {isa = PBXFileReference; explicitFileType = wrapper.cfbundle; includeInIndex = 0; path = Practice5Tests.xctest; sourceTree = BUILT_PRODUCTS_DIR; };
		00E31211220CAE63006F0E46 /* Practice5Tests.swift */ = {isa = PBXFileReference; lastKnownFileType = sourcecode.swift; path = Practice5Tests.swift; sourceTree = "<group>"; };
		00E31213220CAE63006F0E46 /* Info.plist */ = {isa = PBXFileReference; lastKnownFileType = text.plist.xml; path = Info.plist; sourceTree = "<group>"; };
		00E31218220CAE63006F0E46 /* Practice5UITests.xctest */ = {isa = PBXFileReference; explicitFileType = wrapper.cfbundle; includeInIndex = 0; path = Practice5UITests.xctest; sourceTree = BUILT_PRODUCTS_DIR; };
		00E3121C220CAE63006F0E46 /* Practice5UITests.swift */ = {isa = PBXFileReference; lastKnownFileType = sourcecode.swift; path = Practice5UITests.swift; sourceTree = "<group>"; };
		00E3121E220CAE63006F0E46 /* Info.plist */ = {isa = PBXFileReference; lastKnownFileType = text.plist.xml; path = Info.plist; sourceTree = "<group>"; };
/* End PBXFileReference section */

/* Begin PBXFrameworksBuildPhase section */
		00E311F6220CAE61006F0E46 /* Frameworks */ = {
			isa = PBXFrameworksBuildPhase;
			buildActionMask = 2147483647;
			files = (
			);
			runOnlyForDeploymentPostprocessing = 0;
		};
		00E3120A220CAE63006F0E46 /* Frameworks */ = {
			isa = PBXFrameworksBuildPhase;
			buildActionMask = 2147483647;
			files = (
			);
			runOnlyForDeploymentPostprocessing = 0;
		};
		00E31215220CAE63006F0E46 /* Frameworks */ = {
			isa = PBXFrameworksBuildPhase;
			buildActionMask = 2147483647;
			files = (
			);
			runOnlyForDeploymentPostprocessing = 0;
		};
/* End PBXFrameworksBuildPhase section */

/* Begin PBXGroup section */
		00E311F0220CAE61006F0E46 = {
			isa = PBXGroup;
			children = (
				00E311FB220CAE61006F0E46 /* Practice5 */,
				00E31210220CAE63006F0E46 /* Practice5Tests */,
				00E3121B220CAE63006F0E46 /* Practice5UITests */,
				00E311FA220CAE61006F0E46 /* Products */,
			);
			sourceTree = "<group>";
		};
		00E311FA220CAE61006F0E46 /* Products */ = {
			isa = PBXGroup;
			children = (
				00E311F9220CAE61006F0E46 /* Practice5.app */,
				00E3120D220CAE63006F0E46 /* Practice5Tests.xctest */,
				00E31218220CAE63006F0E46 /* Practice5UITests.xctest */,
			);
			name = Products;
			sourceTree = "<group>";
		};
		00E311FB220CAE61006F0E46 /* Practice5 */ = {
			isa = PBXGroup;
			children = (
				0050AB76221169CF00E961C0 /* vertical.png */,
				0050AB7A221180EE00E961C0 /* espiral.png */,
				0050AB79221180ED00E961C0 /* imposible.png */,
				0050AB78221180ED00E961C0 /* periférico.png */,
				002DE404220CB110001EDF0C /* escudo.png */,
				00E311FC220CAE61006F0E46 /* AppDelegate.swift */,
				00E311FE220CAE61006F0E46 /* ViewController.swift */,
				00E31200220CAE61006F0E46 /* Main.storyboard */,
				002DE406220CB15A001EDF0C /* Taken.swift */,
				00E31203220CAE63006F0E46 /* Assets.xcassets */,
				00E31205220CAE63006F0E46 /* LaunchScreen.storyboard */,
				00E31208220CAE63006F0E46 /* Info.plist */,
			);
			path = Practice5;
			sourceTree = "<group>";
		};
		00E31210220CAE63006F0E46 /* Practice5Tests */ = {
			isa = PBXGroup;
			children = (
				00E31211220CAE63006F0E46 /* Practice5Tests.swift */,
				00E31213220CAE63006F0E46 /* Info.plist */,
			);
			path = Practice5Tests;
			sourceTree = "<group>";
		};
		00E3121B220CAE63006F0E46 /* Practice5UITests */ = {
			isa = PBXGroup;
			children = (
				00E3121C220CAE63006F0E46 /* Practice5UITests.swift */,
				00E3121E220CAE63006F0E46 /* Info.plist */,
			);
			path = Practice5UITests;
			sourceTree = "<group>";
		};
/* End PBXGroup section */

/* Begin PBXNativeTarget section */
		00E311F8220CAE61006F0E46 /* Practice5 */ = {
			isa = PBXNativeTarget;
			buildConfigurationList = 00E31221220CAE63006F0E46 /* Build configuration list for PBXNativeTarget "Practice5" */;
			buildPhases = (
				00E311F5220CAE61006F0E46 /* Sources */,
				00E311F6220CAE61006F0E46 /* Frameworks */,
				00E311F7220CAE61006F0E46 /* Resources */,
			);
			buildRules = (
			);
			dependencies = (
			);
			name = Practice5;
			productName = Practice5;
			productReference = 00E311F9220CAE61006F0E46 /* Practice5.app */;
			productType = "com.apple.product-type.application";
		};
		00E3120C220CAE63006F0E46 /* Practice5Tests */ = {
			isa = PBXNativeTarget;
			buildConfigurationList = 00E31224220CAE63006F0E46 /* Build configuration list for PBXNativeTarget "Practice5Tests" */;
			buildPhases = (
				00E31209220CAE63006F0E46 /* Sources */,
				00E3120A220CAE63006F0E46 /* Frameworks */,
				00E3120B220CAE63006F0E46 /* Resources */,
			);
			buildRules = (
			);
			dependencies = (
				00E3120F220CAE63006F0E46 /* PBXTargetDependency */,
			);
			name = Practice5Tests;
			productName = Practice5Tests;
			productReference = 00E3120D220CAE63006F0E46 /* Practice5Tests.xctest */;
			productType = "com.apple.product-type.bundle.unit-test";
		};
		00E31217220CAE63006F0E46 /* Practice5UITests */ = {
			isa = PBXNativeTarget;
			buildConfigurationList = 00E31227220CAE63006F0E46 /* Build configuration list for PBXNativeTarget "Practice5UITests" */;
			buildPhases = (
				00E31214220CAE63006F0E46 /* Sources */,
				00E31215220CAE63006F0E46 /* Frameworks */,
				00E31216220CAE63006F0E46 /* Resources */,
			);
			buildRules = (
			);
			dependencies = (
				00E3121A220CAE63006F0E46 /* PBXTargetDependency */,
			);
			name = Practice5UITests;
			productName = Practice5UITests;
			productReference = 00E31218220CAE63006F0E46 /* Practice5UITests.xctest */;
			productType = "com.apple.product-type.bundle.ui-testing";
		};
/* End PBXNativeTarget section */

/* Begin PBXProject section */
		00E311F1220CAE61006F0E46 /* Project object */ = {
			isa = PBXProject;
			attributes = {
				LastSwiftUpdateCheck = 1010;
				LastUpgradeCheck = 1250;
				ORGANIZATIONNAME = "Jahir Ramos Lucero";
				TargetAttributes = {
					00E311F8220CAE61006F0E46 = {
						CreatedOnToolsVersion = 10.1;
						LastSwiftMigration = 1020;
					};
					00E3120C220CAE63006F0E46 = {
						CreatedOnToolsVersion = 10.1;
						LastSwiftMigration = 1020;
						TestTargetID = 00E311F8220CAE61006F0E46;
					};
					00E31217220CAE63006F0E46 = {
						CreatedOnToolsVersion = 10.1;
						LastSwiftMigration = 1020;
						TestTargetID = 00E311F8220CAE61006F0E46;
					};
				};
			};
			buildConfigurationList = 00E311F4220CAE61006F0E46 /* Build configuration list for PBXProject "Practice5" */;
			compatibilityVersion = "Xcode 9.3";
			developmentRegion = en;
			hasScannedForEncodings = 0;
			knownRegions = (
				en,
				Base,
			);
			mainGroup = 00E311F0220CAE61006F0E46;
			productRefGroup = 00E311FA220CAE61006F0E46 /* Products */;
			projectDirPath = "";
			projectRoot = "";
			targets = (
				00E311F8220CAE61006F0E46 /* Practice5 */,
				00E3120C220CAE63006F0E46 /* Practice5Tests */,
				00E31217220CAE63006F0E46 /* Practice5UITests */,
			);
		};
/* End PBXProject section */

/* Begin PBXResourcesBuildPhase section */
		00E311F7220CAE61006F0E46 /* Resources */ = {
			isa = PBXResourcesBuildPhase;
			buildActionMask = 2147483647;
			files = (
				002DE405220CB110001EDF0C /* escudo.png in Resources */,
				00E31207220CAE63006F0E46 /* LaunchScreen.storyboard in Resources */,
				0050AB77221169CF00E961C0 /* vertical.png in Resources */,
				00E31204220CAE63006F0E46 /* Assets.xcassets in Resources */,
				00E31202220CAE61006F0E46 /* Main.storyboard in Resources */,
				0050AB7C221180EE00E961C0 /* imposible.png in Resources */,
				0050AB7D221180EE00E961C0 /* espiral.png in Resources */,
				0050AB7B221180EE00E961C0 /* periférico.png in Resources */,
			);
			runOnlyForDeploymentPostprocessing = 0;
		};
		00E3120B220CAE63006F0E46 /* Resources */ = {
			isa = PBXResourcesBuildPhase;
			buildActionMask = 2147483647;
			files = (
			);
			runOnlyForDeploymentPostprocessing = 0;
		};
		00E31216220CAE63006F0E46 /* Resources */ = {
			isa = PBXResourcesBuildPhase;
			buildActionMask = 2147483647;
			files = (
			);
			runOnlyForDeploymentPostprocessing = 0;
		};
/* End PBXResourcesBuildPhase section */

/* Begin PBXSourcesBuildPhase section */
		00E311F5220CAE61006F0E46 /* Sources */ = {
			isa = PBXSourcesBuildPhase;
			buildActionMask = 2147483647;
			files = (
				002DE407220CB15A001EDF0C /* Taken.swift in Sources */,
				00E311FF220CAE61006F0E46 /* ViewController.swift in Sources */,
				00E311FD220CAE61006F0E46 /* AppDelegate.swift in Sources */,
			);
			runOnlyForDeploymentPostprocessing = 0;
		};
		00E31209220CAE63006F0E46 /* Sources */ = {
			isa = PBXSourcesBuildPhase;
			buildActionMask = 2147483647;
			files = (
				00E31212220CAE63006F0E46 /* Practice5Tests.swift in Sources */,
			);
			runOnlyForDeploymentPostprocessing = 0;
		};
		00E31214220CAE63006F0E46 /* Sources */ = {
			isa = PBXSourcesBuildPhase;
			buildActionMask = 2147483647;
			files = (
				00E3121D220CAE63006F0E46 /* Practice5UITests.swift in Sources */,
			);
			runOnlyForDeploymentPostprocessing = 0;
		};
/* End PBXSourcesBuildPhase section */

/* Begin PBXTargetDependency section */
		00E3120F220CAE63006F0E46 /* PBXTargetDependency */ = {
			isa = PBXTargetDependency;
			target = 00E311F8220CAE61006F0E46 /* Practice5 */;
			targetProxy = 00E3120E220CAE63006F0E46 /* PBXContainerItemProxy */;
		};
		00E3121A220CAE63006F0E46 /* PBXTargetDependency */ = {
			isa = PBXTargetDependency;
			target = 00E311F8220CAE61006F0E46 /* Practice5 */;
			targetProxy = 00E31219220CAE63006F0E46 /* PBXContainerItemProxy */;
		};
/* End PBXTargetDependency section */

/* Begin PBXVariantGroup section */
		00E31200220CAE61006F0E46 /* Main.storyboard */ = {
			isa = PBXVariantGroup;
			children = (
				00E31201220CAE61006F0E46 /* Base */,
			);
			name = Main.storyboard;
			sourceTree = "<group>";
		};
		00E31205220CAE63006F0E46 /* LaunchScreen.storyboard */ = {
			isa = PBXVariantGroup;
			children = (
				00E31206220CAE63006F0E46 /* Base */,
			);
			name = LaunchScreen.storyboard;
			sourceTree = "<group>";
		};
/* End PBXVariantGroup section */

/* Begin XCBuildConfiguration section */
		00E3121F220CAE63006F0E46 /* Debug */ = {
			isa = XCBuildConfiguration;
			buildSettings = {
				ALWAYS_SEARCH_USER_PATHS = NO;
				CLANG_ANALYZER_NONNULL = YES;
				CLANG_ANALYZER_NUMBER_OBJECT_CONVERSION = YES_AGGRESSIVE;
				CLANG_CXX_LANGUAGE_STANDARD = "gnu++14";
				CLANG_CXX_LIBRARY = "libc++";
				CLANG_ENABLE_MODULES = YES;
				CLANG_ENABLE_OBJC_ARC = YES;
				CLANG_ENABLE_OBJC_WEAK = YES;
				CLANG_WARN_BLOCK_CAPTURE_AUTORELEASING = YES;
				CLANG_WARN_BOOL_CONVERSION = YES;
				CLANG_WARN_COMMA = YES;
				CLANG_WARN_CONSTANT_CONVERSION = YES;
				CLANG_WARN_DEPRECATED_OBJC_IMPLEMENTATIONS = YES;
				CLANG_WARN_DIRECT_OBJC_ISA_USAGE = YES_ERROR;
				CLANG_WARN_DOCUMENTATION_COMMENTS = YES;
				CLANG_WARN_EMPTY_BODY = YES;
				CLANG_WARN_ENUM_CONVERSION = YES;
				CLANG_WARN_INFINITE_RECURSION = YES;
				CLANG_WARN_INT_CONVERSION = YES;
				CLANG_WARN_NON_LITERAL_NULL_CONVERSION = YES;
				CLANG_WARN_OBJC_IMPLICIT_RETAIN_SELF = YES;
				CLANG_WARN_OBJC_LITERAL_CONVERSION = YES;
				CLANG_WARN_OBJC_ROOT_CLASS = YES_ERROR;
				CLANG_WARN_QUOTED_INCLUDE_IN_FRAMEWORK_HEADER = YES;
				CLANG_WARN_RANGE_LOOP_ANALYSIS = YES;
				CLANG_WARN_STRICT_PROTOTYPES = YES;
				CLANG_WARN_SUSPICIOUS_MOVE = YES;
				CLANG_WARN_UNGUARDED_AVAILABILITY = YES_AGGRESSIVE;
				CLANG_WARN_UNREACHABLE_CODE = YES;
				CLANG_WARN__DUPLICATE_METHOD_MATCH = YES;
				CODE_SIGN_IDENTITY = "iPhone Developer";
				COPY_PHASE_STRIP = NO;
				DEBUG_INFORMATION_FORMAT = dwarf;
				ENABLE_STRICT_OBJC_MSGSEND = YES;
				ENABLE_TESTABILITY = YES;
				GCC_C_LANGUAGE_STANDARD = gnu11;
				GCC_DYNAMIC_NO_PIC = NO;
				GCC_NO_COMMON_BLOCKS = YES;
				GCC_OPTIMIZATION_LEVEL = 0;
				GCC_PREPROCESSOR_DEFINITIONS = (
					"DEBUG=1",
					"$(inherited)",
				);
				GCC_WARN_64_TO_32_BIT_CONVERSION = YES;
				GCC_WARN_ABOUT_RETURN_TYPE = YES_ERROR;
				GCC_WARN_UNDECLARED_SELECTOR = YES;
				GCC_WARN_UNINITIALIZED_AUTOS = YES_AGGRESSIVE;
				GCC_WARN_UNUSED_FUNCTION = YES;
				GCC_WARN_UNUSED_VARIABLE = YES;
				IPHONEOS_DEPLOYMENT_TARGET = 12.1;
				MTL_ENABLE_DEBUG_INFO = INCLUDE_SOURCE;
				MTL_FAST_MATH = YES;
				ONLY_ACTIVE_ARCH = YES;
				SDKROOT = iphoneos;
				SWIFT_ACTIVE_COMPILATION_CONDITIONS = DEBUG;
				SWIFT_OPTIMIZATION_LEVEL = "-Onone";
			};
			name = Debug;
		};
		00E31220220CAE63006F0E46 /* Release */ = {
			isa = XCBuildConfiguration;
			buildSettings = {
				ALWAYS_SEARCH_USER_PATHS = NO;
				CLANG_ANALYZER_NONNULL = YES;
				CLANG_ANALYZER_NUMBER_OBJECT_CONVERSION = YES_AGGRESSIVE;
				CLANG_CXX_LANGUAGE_STANDARD = "gnu++14";
				CLANG_CXX_LIBRARY = "libc++";
				CLANG_ENABLE_MODULES = YES;
				CLANG_ENABLE_OBJC_ARC = YES;
				CLANG_ENABLE_OBJC_WEAK = YES;
				CLANG_WARN_BLOCK_CAPTURE_AUTORELEASING = YES;
				CLANG_WARN_BOOL_CONVERSION = YES;
				CLANG_WARN_COMMA = YES;
				CLANG_WARN_CONSTANT_CONVERSION = YES;
				CLANG_WARN_DEPRECATED_OBJC_IMPLEMENTATIONS = YES;
				CLANG_WARN_DIRECT_OBJC_ISA_USAGE = YES_ERROR;
				CLANG_WARN_DOCUMENTATION_COMMENTS = YES;
				CLANG_WARN_EMPTY_BODY = YES;
				CLANG_WARN_ENUM_CONVERSION = YES;
				CLANG_WARN_INFINITE_RECURSION = YES;
				CLANG_WARN_INT_CONVERSION = YES;
				CLANG_WARN_NON_LITERAL_NULL_CONVERSION = YES;
				CLANG_WARN_OBJC_IMPLICIT_RETAIN_SELF = YES;
				CLANG_WARN_OBJC_LITERAL_CONVERSION = YES;
				CLANG_WARN_OBJC_ROOT_CLASS = YES_ERROR;
				CLANG_WARN_QUOTED_INCLUDE_IN_FRAMEWORK_HEADER = YES;
				CLANG_WARN_RANGE_LOOP_ANALYSIS = YES;
				CLANG_WARN_STRICT_PROTOTYPES = YES;
				CLANG_WARN_SUSPICIOUS_MOVE = YES;
				CLANG_WARN_UNGUARDED_AVAILABILITY = YES_AGGRESSIVE;
				CLANG_WARN_UNREACHABLE_CODE = YES;
				CLANG_WARN__DUPLICATE_METHOD_MATCH = YES;
				CODE_SIGN_IDENTITY = "iPhone Developer";
				COPY_PHASE_STRIP = NO;
				DEBUG_INFORMATION_FORMAT = "dwarf-with-dsym";
				ENABLE_NS_ASSERTIONS = NO;
				ENABLE_STRICT_OBJC_MSGSEND = YES;
				GCC_C_LANGUAGE_STANDARD = gnu11;
				GCC_NO_COMMON_BLOCKS = YES;
				GCC_WARN_64_TO_32_BIT_CONVERSION = YES;
				GCC_WARN_ABOUT_RETURN_TYPE = YES_ERROR;
				GCC_WARN_UNDECLARED_SELECTOR = YES;
				GCC_WARN_UNINITIALIZED_AUTOS = YES_AGGRESSIVE;
				GCC_WARN_UNUSED_FUNCTION = YES;
				GCC_WARN_UNUSED_VARIABLE = YES;
				IPHONEOS_DEPLOYMENT_TARGET = 12.1;
				MTL_ENABLE_DEBUG_INFO = NO;
				MTL_FAST_MATH = YES;
				SDKROOT = iphoneos;
				SWIFT_COMPILATION_MODE = wholemodule;
				SWIFT_OPTIMIZATION_LEVEL = "-O";
				VALIDATE_PRODUCT = YES;
			};
			name = Release;
		};
		00E31222220CAE63006F0E46 /* Debug */ = {
			isa = XCBuildConfiguration;
			buildSettings = {
				ASSETCATALOG_COMPILER_APPICON_NAME = AppIcon;
				CODE_SIGN_STYLE = Automatic;
				DEVELOPMENT_TEAM = CTMVY23544;
				INFOPLIST_FILE = Practice5/Info.plist;
				LD_RUNPATH_SEARCH_PATHS = (
					"$(inherited)",
					"@executable_path/Frameworks",
				);
				PRODUCT_BUNDLE_IDENTIFIER = Jahir.Practice5;
				PRODUCT_NAME = "$(TARGET_NAME)";
				SWIFT_VERSION = 5.0;
				TARGETED_DEVICE_FAMILY = "1,2";
			};
			name = Debug;
		};
		00E31223220CAE63006F0E46 /* Release */ = {
			isa = XCBuildConfiguration;
			buildSettings = {
				ASSETCATALOG_COMPILER_APPICON_NAME = AppIcon;
				CODE_SIGN_STYLE = Automatic;
				DEVELOPMENT_TEAM = CTMVY23544;
				INFOPLIST_FILE = Practice5/Info.plist;
				LD_RUNPATH_SEARCH_PATHS = (
					"$(inherited)",
					"@executable_path/Frameworks",
				);
				PRODUCT_BUNDLE_IDENTIFIER = Jahir.Practice5;
				PRODUCT_NAME = "$(TARGET_NAME)";
				SWIFT_VERSION = 5.0;
				TARGETED_DEVICE_FAMILY = "1,2";
			};
			name = Release;
		};
		00E31225220CAE63006F0E46 /* Debug */ = {
			isa = XCBuildConfiguration;
			buildSettings = {
				ALWAYS_EMBED_SWIFT_STANDARD_LIBRARIES = YES;
				BUNDLE_LOADER = "$(TEST_HOST)";
				CODE_SIGN_STYLE = Automatic;
				INFOPLIST_FILE = Practice5Tests/Info.plist;
				LD_RUNPATH_SEARCH_PATHS = (
					"$(inherited)",
					"@executable_path/Frameworks",
					"@loader_path/Frameworks",
				);
				PRODUCT_BUNDLE_IDENTIFIER = Jahir.Practice5Tests;
				PRODUCT_NAME = "$(TARGET_NAME)";
				SWIFT_VERSION = 5.0;
				TARGETED_DEVICE_FAMILY = "1,2";
				TEST_HOST = "$(BUILT_PRODUCTS_DIR)/Practice5.app/Practice5";
			};
			name = Debug;
		};
		00E31226220CAE63006F0E46 /* Release */ = {
			isa = XCBuildConfiguration;
			buildSettings = {
				ALWAYS_EMBED_SWIFT_STANDARD_LIBRARIES = YES;
				BUNDLE_LOADER = "$(TEST_HOST)";
				CODE_SIGN_STYLE = Automatic;
				INFOPLIST_FILE = Practice5Tests/Info.plist;
				LD_RUNPATH_SEARCH_PATHS = (
					"$(inherited)",
					"@executable_path/Frameworks",
					"@loader_path/Frameworks",
				);
				PRODUCT_BUNDLE_IDENTIFIER = Jahir.Practice5Tests;
				PRODUCT_NAME = "$(TARGET_NAME)";
				SWIFT_VERSION = 5.0;
				TARGETED_DEVICE_FAMILY = "1,2";
				TEST_HOST = "$(BUILT_PRODUCTS_DIR)/Practice5.app/Practice5";
			};
			name = Release;
		};
		00E31228220CAE63006F0E46 /* Debug */ = {
			isa = XCBuildConfiguration;
			buildSettings = {
				ALWAYS_EMBED_SWIFT_STANDARD_LIBRARIES = YES;
				CODE_SIGN_STYLE = Automatic;
				INFOPLIST_FILE = Practice5UITests/Info.plist;
				LD_RUNPATH_SEARCH_PATHS = (
					"$(inherited)",
					"@executable_path/Frameworks",
					"@loader_path/Frameworks",
				);
				PRODUCT_BUNDLE_IDENTIFIER = Jahir.Practice5UITests;
				PRODUCT_NAME = "$(TARGET_NAME)";
				SWIFT_VERSION = 5.0;
				TARGETED_DEVICE_FAMILY = "1,2";
				TEST_TARGET_NAME = Practice5;
			};
			name = Debug;
		};
		00E31229220CAE63006F0E46 /* Release */ = {
			isa = XCBuildConfiguration;
			buildSettings = {
				ALWAYS_EMBED_SWIFT_STANDARD_LIBRARIES = YES;
				CODE_SIGN_STYLE = Automatic;
				INFOPLIST_FILE = Practice5UITests/Info.plist;
				LD_RUNPATH_SEARCH_PATHS = (
					"$(inherited)",
					"@executable_path/Frameworks",
					"@loader_path/Frameworks",
				);
				PRODUCT_BUNDLE_IDENTIFIER = Jahir.Practice5UITests;
				PRODUCT_NAME = "$(TARGET_NAME)";
				SWIFT_VERSION = 5.0;
				TARGETED_DEVICE_FAMILY = "1,2";
				TEST_TARGET_NAME = Practice5;
			};
			name = Release;
		};
/* End XCBuildConfiguration section */

/* Begin XCConfigurationList section */
		00E311F4220CAE61006F0E46 /* Build configuration list for PBXProject "Practice5" */ = {
			isa = XCConfigurationList;
			buildConfigurations = (
				00E3121F220CAE63006F0E46 /* Debug */,
				00E31220220CAE63006F0E46 /* Release */,
			);
			defaultConfigurationIsVisible = 0;
			defaultConfigurationName = Release;
		};
		00E31221220CAE63006F0E46 /* Build configuration list for PBXNativeTarget "Practice5" */ = {
			isa = XCConfigurationList;
			buildConfigurations = (
				00E31222220CAE63006F0E46 /* Debug */,
				00E31223220CAE63006F0E46 /* Release */,
			);
			defaultConfigurationIsVisible = 0;
			defaultConfigurationName = Release;
		};
		00E31224220CAE63006F0E46 /* Build configuration list for PBXNativeTarget "Practice5Tests" */ = {
			isa = XCConfigurationList;
			buildConfigurations = (
				00E31225220CAE63006F0E46 /* Debug */,
				00E31226220CAE63006F0E46 /* Release */,
			);
			defaultConfigurationIsVisible = 0;
			defaultConfigurationName = Release;
		};
		00E31227220CAE63006F0E46 /* Build configuration list for PBXNativeTarget "Practice5UITests" */ = {
			isa = XCConfigurationList;
			buildConfigurations = (
				00E31228220CAE63006F0E46 /* Debug */,
				00E31229220CAE63006F0E46 /* Release */,
			);
			defaultConfigurationIsVisible = 0;
			defaultConfigurationName = Release;
		};
/* End XCConfigurationList section */
	};
	rootObject = 00E311F1220CAE61006F0E46 /* Project object */;
}
